
Microsoft Visual Studio Solution File, Format Version 12.00
#
Project("{FAE04EC0-301F-11D3-BF4B-00C04F79EFBC}") = "Hackathon.API", "Hackathon.API\Hackathon.API.csproj", "{118F4E10-EA48-4C40-A056-2D8FAA00A583}"
EndProject
Project("{FAE04EC0-301F-11D3-BF4B-00C04F79EFBC}") = "Hackathon.BL", "Hackathon.BL\Hackathon.BL.csproj", "{4AA75C3E-A4BD-4671-8AB7-C459141E8E67}"
EndProject
Project("{FAE04EC0-301F-11D3-BF4B-00C04F79EFBC}") = "Hackathon.DAL", "Hackathon.DAL\Hackathon.DAL.csproj", "{6EDCE86D-3745-43CE-963A-C9A5035ED599}"
EndProject
Project("{FAE04EC0-301F-11D3-BF4B-00C04F79EFBC}") = "Hackathon.Common", "Hackathon.Common\Hackathon.Common.csproj", "{CEA805B4-4D64-49B9-B514-CF2E667328D7}"
EndProject
Project("{FAE04EC0-301F-11D3-BF4B-00C04F79EFBC}") = "Hackathon.API.Contracts", "Hackathon.API.Contracts\Hackathon.API.Contracts.csproj", "{D77A209E-78AB-47CB-9445-35873B59C50B}"
EndProject
Project("{2150E333-8FDC-42A3-9474-1A3956D46DE8}") = "Hackathon.Infrastucture", "Hackathon.Infrastucture", "{E88891FC-88DD-4646-AE91-66AB8E5BD2DA}"
	ProjectSection(SolutionItems) = preProject
		Hackathon.Infrastucture\docker-compose.yml = Hackathon.Infrastucture\docker-compose.yml
	EndProjectSection
EndProject
Project("{2150E333-8FDC-42A3-9474-1A3956D46DE8}") = "Hackathon.Tests", "Hackathon.Tests", "{BB1FF3AB-8210-41DB-91F9-CFE209C2CA58}"
EndProject
Project("{FAE04EC0-301F-11D3-BF4B-00C04F79EFBC}") = "Hackathon.Tests.Integration", "Hackathon.Tests\Hackathon.Tests.Integration\Hackathon.Tests.Integration.csproj", "{0EE92567-1C23-4660-89FC-8B4363B9CDB5}"
EndProject
Project("{FAE04EC0-301F-11D3-BF4B-00C04F79EFBC}") = "Hackathon.Notification", "Hackathon.Notification\Hackathon.Notification.csproj", "{E0BC1D49-9625-4071-B95A-43A6F9B8D95C}"
EndProject
Project("{FAE04EC0-301F-11D3-BF4B-00C04F79EFBC}") = "Hackathon.Jobs", "Hackathon.Jobs\Hackathon.Jobs.csproj", "{934AD575-9EEE-4363-95F7-EA863A05297A}"
EndProject
Project("{FAE04EC0-301F-11D3-BF4B-00C04F79EFBC}") = "Hackathon.BL.Tests", "Hackathon.Tests\Hackathon.BL.Tests\Hackathon.BL.Tests.csproj", "{EC21951E-D09D-48FD-9736-B9D032335C92}"
EndProject
Global
	GlobalSection(SolutionConfigurationPlatforms) = preSolution
		Debug|Any CPU = Debug|Any CPU
		Release|Any CPU = Release|Any CPU
	EndGlobalSection
	GlobalSection(ProjectConfigurationPlatforms) = postSolution
		{118F4E10-EA48-4C40-A056-2D8FAA00A583}.Debug|Any CPU.ActiveCfg = Debug|Any CPU
		{118F4E10-EA48-4C40-A056-2D8FAA00A583}.Debug|Any CPU.Build.0 = Debug|Any CPU
		{118F4E10-EA48-4C40-A056-2D8FAA00A583}.Release|Any CPU.ActiveCfg = Release|Any CPU
		{118F4E10-EA48-4C40-A056-2D8FAA00A583}.Release|Any CPU.Build.0 = Release|Any CPU
		{4AA75C3E-A4BD-4671-8AB7-C459141E8E67}.Debug|Any CPU.ActiveCfg = Debug|Any CPU
		{4AA75C3E-A4BD-4671-8AB7-C459141E8E67}.Debug|Any CPU.Build.0 = Debug|Any CPU
		{4AA75C3E-A4BD-4671-8AB7-C459141E8E67}.Release|Any CPU.ActiveCfg = Release|Any CPU
		{4AA75C3E-A4BD-4671-8AB7-C459141E8E67}.Release|Any CPU.Build.0 = Release|Any CPU
		{6EDCE86D-3745-43CE-963A-C9A5035ED599}.Debug|Any CPU.ActiveCfg = Debug|Any CPU
		{6EDCE86D-3745-43CE-963A-C9A5035ED599}.Debug|Any CPU.Build.0 = Debug|Any CPU
		{6EDCE86D-3745-43CE-963A-C9A5035ED599}.Release|Any CPU.ActiveCfg = Release|Any CPU
		{6EDCE86D-3745-43CE-963A-C9A5035ED599}.Release|Any CPU.Build.0 = Release|Any CPU
		{CEA805B4-4D64-49B9-B514-CF2E667328D7}.Debug|Any CPU.ActiveCfg = Debug|Any CPU
		{CEA805B4-4D64-49B9-B514-CF2E667328D7}.Debug|Any CPU.Build.0 = Debug|Any CPU
		{CEA805B4-4D64-49B9-B514-CF2E667328D7}.Release|Any CPU.ActiveCfg = Release|Any CPU
		{CEA805B4-4D64-49B9-B514-CF2E667328D7}.Release|Any CPU.Build.0 = Release|Any CPU
		{D77A209E-78AB-47CB-9445-35873B59C50B}.Debug|Any CPU.ActiveCfg = Debug|Any CPU
		{D77A209E-78AB-47CB-9445-35873B59C50B}.Debug|Any CPU.Build.0 = Debug|Any CPU
		{D77A209E-78AB-47CB-9445-35873B59C50B}.Release|Any CPU.ActiveCfg = Release|Any CPU
		{D77A209E-78AB-47CB-9445-35873B59C50B}.Release|Any CPU.Build.0 = Release|Any CPU
		{0EE92567-1C23-4660-89FC-8B4363B9CDB5}.Debug|Any CPU.ActiveCfg = Debug|Any CPU
		{0EE92567-1C23-4660-89FC-8B4363B9CDB5}.Debug|Any CPU.Build.0 = Debug|Any CPU
		{0EE92567-1C23-4660-89FC-8B4363B9CDB5}.Release|Any CPU.ActiveCfg = Release|Any CPU
		{0EE92567-1C23-4660-89FC-8B4363B9CDB5}.Release|Any CPU.Build.0 = Release|Any CPU
		{E0BC1D49-9625-4071-B95A-43A6F9B8D95C}.Debug|Any CPU.ActiveCfg = Debug|Any CPU
		{E0BC1D49-9625-4071-B95A-43A6F9B8D95C}.Debug|Any CPU.Build.0 = Debug|Any CPU
		{E0BC1D49-9625-4071-B95A-43A6F9B8D95C}.Release|Any CPU.ActiveCfg = Release|Any CPU
		{E0BC1D49-9625-4071-B95A-43A6F9B8D95C}.Release|Any CPU.Build.0 = Release|Any CPU
		{934AD575-9EEE-4363-95F7-EA863A05297A}.Debug|Any CPU.ActiveCfg = Debug|Any CPU
		{934AD575-9EEE-4363-95F7-EA863A05297A}.Debug|Any CPU.Build.0 = Debug|Any CPU
		{934AD575-9EEE-4363-95F7-EA863A05297A}.Release|Any CPU.ActiveCfg = Release|Any CPU
		{934AD575-9EEE-4363-95F7-EA863A05297A}.Release|Any CPU.Build.0 = Release|Any CPU
		{EC21951E-D09D-48FD-9736-B9D032335C92}.Debug|Any CPU.ActiveCfg = Debug|Any CPU
		{EC21951E-D09D-48FD-9736-B9D032335C92}.Debug|Any CPU.Build.0 = Debug|Any CPU
		{EC21951E-D09D-48FD-9736-B9D032335C92}.Release|Any CPU.ActiveCfg = Release|Any CPU
		{EC21951E-D09D-48FD-9736-B9D032335C92}.Release|Any CPU.Build.0 = Release|Any CPU
	EndGlobalSection
	GlobalSection(NestedProjects) = preSolution
		{0EE92567-1C23-4660-89FC-8B4363B9CDB5} = {BB1FF3AB-8210-41DB-91F9-CFE209C2CA58}
		{EC21951E-D09D-48FD-9736-B9D032335C92} = {BB1FF3AB-8210-41DB-91F9-CFE209C2CA58}
	EndGlobalSection
EndGlobal
