
Microsoft Visual Studio Solution File, Format Version 12.00
# Visual Studio Version 17
VisualStudioVersion = 17.1.32421.90
MinimumVisualStudioVersion = 10.0.40219.1
Project("{9A19103F-16F7-4668-BE54-9A1E7A4F7556}") = "Hackathon.API", "Hackathon.API\Hackathon.API.csproj", "{118F4E10-EA48-4C40-A056-2D8FAA00A583}"
EndProject
Project("{9A19103F-16F7-4668-BE54-9A1E7A4F7556}") = "Hackathon.BL", "Hackathon.BL\Hackathon.BL.csproj", "{4AA75C3E-A4BD-4671-8AB7-C459141E8E67}"
EndProject
Project("{9A19103F-16F7-4668-BE54-9A1E7A4F7556}") = "Hackathon.DAL", "Hackathon.DAL\Hackathon.DAL.csproj", "{6EDCE86D-3745-43CE-963A-C9A5035ED599}"
EndProject
Project("{9A19103F-16F7-4668-BE54-9A1E7A4F7556}") = "Hackathon.Common", "Hackathon.Common\Hackathon.Common.csproj", "{CEA805B4-4D64-49B9-B514-CF2E667328D7}"
EndProject
Project("{9A19103F-16F7-4668-BE54-9A1E7A4F7556}") = "Hackathon.API.Contracts", "Hackathon.API.Contracts\Hackathon.API.Contracts.csproj", "{D77A209E-78AB-47CB-9445-35873B59C50B}"
EndProject
Project("{2150E333-8FDC-42A3-9474-1A3956D46DE8}") = "Tests", "Tests", "{BB1FF3AB-8210-41DB-91F9-CFE209C2CA58}"
EndProject
Project("{9A19103F-16F7-4668-BE54-9A1E7A4F7556}") = "Hackathon.Tests.Integration", "Hackathon.Tests\Hackathon.Tests.Integration\Hackathon.Tests.Integration.csproj", "{0EE92567-1C23-4660-89FC-8B4363B9CDB5}"
EndProject
Project("{9A19103F-16F7-4668-BE54-9A1E7A4F7556}") = "Hackathon.IntegrationEvents", "Hackathon.IntegrationEvents\Hackathon.IntegrationEvents.csproj", "{E0BC1D49-9625-4071-B95A-43A6F9B8D95C}"
EndProject
Project("{9A19103F-16F7-4668-BE54-9A1E7A4F7556}") = "Hackathon.BL.Tests", "Hackathon.Tests\Hackathon.BL.Tests\Hackathon.BL.Tests.csproj", "{EC21951E-D09D-48FD-9736-B9D032335C92}"
EndProject
Project("{9A19103F-16F7-4668-BE54-9A1E7A4F7556}") = "Hackathon.API.Jobs", "Hackathon.API.Jobs\Hackathon.API.Jobs.csproj", "{D4A8BE0A-2F85-4525-A157-911F27003BC8}"
EndProject
Project("{FAE04EC0-301F-11D3-BF4B-00C04F79EFBC}") = "Hackathon.BL.Validation", "Hackathon.BL.Validation\Hackathon.BL.Validation.csproj", "{BC5596A8-41DD-4C25-BC00-93B23853CFAE}"
EndProject
Project("{FAE04EC0-301F-11D3-BF4B-00C04F79EFBC}") = "Hackathon.BL.Validation.Tests", "Hackathon.Tests\Hackathon.BL.Validation.Tests\Hackathon.BL.Validation.Tests.csproj", "{67AC0E13-295F-4ECD-A12D-4E5AC931E5A7}"
EndProject
Project("{FAE04EC0-301F-11D3-BF4B-00C04F79EFBC}") = "Hackathon.IntegrationServices", "Hackathon.IntegrationServices\Hackathon.IntegrationServices.csproj", "{FDF34FDF-6570-47EB-AF46-90990B8FF7B0}"
EndProject
Project("{FAE04EC0-301F-11D3-BF4B-00C04F79EFBC}") = "Hackathon.Client", "Hackathon.Client\Hackathon.Client.csproj", "{B60AE77A-DF32-4C0D-BDF4-328B439270C2}"
EndProject
Project("{2150E333-8FDC-42A3-9474-1A3956D46DE8}") = "IntegrationServices", "IntegrationServices", "{F52D02FF-B2A0-4095-8979-427E991FB852}"
EndProject
Project("{FAE04EC0-301F-11D3-BF4B-00C04F79EFBC}") = "Hackathon.IntegrationServices.Github", "Hackathon.IntegrationServices.Github\Hackathon.IntegrationServices.Github.csproj", "{4DD72D6B-908F-4E71-8351-FC03CFE91A0E}"
EndProject
Project("{2150E333-8FDC-42A3-9474-1A3956D46DE8}") = "Chats", "Chats", "{3A2349EE-30E8-40E8-AB16-5D6BC4DD0664}"
EndProject
Project("{FAE04EC0-301F-11D3-BF4B-00C04F79EFBC}") = "Hackathon.Chats.BL", "Hackathon.Chats.BL\Hackathon.Chats.BL.csproj", "{FB2D36BF-9FE9-4FA3-BF99-AF05995BA912}"
EndProject
Project("{FAE04EC0-301F-11D3-BF4B-00C04F79EFBC}") = "Hackathon.Chats.DAL", "Hackathon.Chats.DAL\Hackathon.Chats.DAL.csproj", "{5EE93BEB-38E0-4489-B8CE-0580C812A0EE}"
EndProject
Project("{FAE04EC0-301F-11D3-BF4B-00C04F79EFBC}") = "Hackathon.Chats.Abstractions", "Hackathon.Chats.Abstractions\Hackathon.Chats.Abstractions.csproj", "{672BA841-BB62-4DEE-823A-1823E29403F1}"
EndProject
Project("{FAE04EC0-301F-11D3-BF4B-00C04F79EFBC}") = "Hackathon.Chats.Module", "Hackathon.Chats.Module\Hackathon.Chats.Module.csproj", "{F4B3F992-932D-41CA-9B97-76CB741731F6}"
EndProject
Project("{FAE04EC0-301F-11D3-BF4B-00C04F79EFBC}") = "Hackathon.API.Module", "Hackathon.API.Module\Hackathon.API.Module.csproj", "{4F996F51-EB3B-4022-B41A-8B3B36505334}"
EndProject
Project("{FAE04EC0-301F-11D3-BF4B-00C04F79EFBC}") = "Hackathon.BL.Tests.Common", "Hackathon.BL.Tests.Common\Hackathon.BL.Tests.Common.csproj", "{A60D1847-D0DF-40B8-A993-FE121AF68670}"
EndProject
Global
	GlobalSection(SolutionConfigurationPlatforms) = preSolution
		Debug|Any CPU = Debug|Any CPU
		Release|Any CPU = Release|Any CPU
	EndGlobalSection
	GlobalSection(ProjectConfigurationPlatforms) = postSolution
		{118F4E10-EA48-4C40-A056-2D8FAA00A583}.Debug|Any CPU.ActiveCfg = Debug|Any CPU
		{118F4E10-EA48-4C40-A056-2D8FAA00A583}.Debug|Any CPU.Build.0 = Debug|Any CPU
		{118F4E10-EA48-4C40-A056-2D8FAA00A583}.Release|Any CPU.ActiveCfg = Release|Any CPU
		{118F4E10-EA48-4C40-A056-2D8FAA00A583}.Release|Any CPU.Build.0 = Release|Any CPU
		{4AA75C3E-A4BD-4671-8AB7-C459141E8E67}.Debug|Any CPU.ActiveCfg = Debug|Any CPU
		{4AA75C3E-A4BD-4671-8AB7-C459141E8E67}.Debug|Any CPU.Build.0 = Debug|Any CPU
		{4AA75C3E-A4BD-4671-8AB7-C459141E8E67}.Release|Any CPU.ActiveCfg = Release|Any CPU
		{4AA75C3E-A4BD-4671-8AB7-C459141E8E67}.Release|Any CPU.Build.0 = Release|Any CPU
		{6EDCE86D-3745-43CE-963A-C9A5035ED599}.Debug|Any CPU.ActiveCfg = Debug|Any CPU
		{6EDCE86D-3745-43CE-963A-C9A5035ED599}.Debug|Any CPU.Build.0 = Debug|Any CPU
		{6EDCE86D-3745-43CE-963A-C9A5035ED599}.Release|Any CPU.ActiveCfg = Release|Any CPU
		{6EDCE86D-3745-43CE-963A-C9A5035ED599}.Release|Any CPU.Build.0 = Release|Any CPU
		{CEA805B4-4D64-49B9-B514-CF2E667328D7}.Debug|Any CPU.ActiveCfg = Debug|Any CPU
		{CEA805B4-4D64-49B9-B514-CF2E667328D7}.Debug|Any CPU.Build.0 = Debug|Any CPU
		{CEA805B4-4D64-49B9-B514-CF2E667328D7}.Release|Any CPU.ActiveCfg = Release|Any CPU
		{CEA805B4-4D64-49B9-B514-CF2E667328D7}.Release|Any CPU.Build.0 = Release|Any CPU
		{D77A209E-78AB-47CB-9445-35873B59C50B}.Debug|Any CPU.ActiveCfg = Debug|Any CPU
		{D77A209E-78AB-47CB-9445-35873B59C50B}.Debug|Any CPU.Build.0 = Debug|Any CPU
		{D77A209E-78AB-47CB-9445-35873B59C50B}.Release|Any CPU.ActiveCfg = Release|Any CPU
		{D77A209E-78AB-47CB-9445-35873B59C50B}.Release|Any CPU.Build.0 = Release|Any CPU
		{0EE92567-1C23-4660-89FC-8B4363B9CDB5}.Debug|Any CPU.ActiveCfg = Debug|Any CPU
		{0EE92567-1C23-4660-89FC-8B4363B9CDB5}.Debug|Any CPU.Build.0 = Debug|Any CPU
		{0EE92567-1C23-4660-89FC-8B4363B9CDB5}.Release|Any CPU.ActiveCfg = Release|Any CPU
		{0EE92567-1C23-4660-89FC-8B4363B9CDB5}.Release|Any CPU.Build.0 = Release|Any CPU
		{E0BC1D49-9625-4071-B95A-43A6F9B8D95C}.Debug|Any CPU.ActiveCfg = Debug|Any CPU
		{E0BC1D49-9625-4071-B95A-43A6F9B8D95C}.Debug|Any CPU.Build.0 = Debug|Any CPU
		{E0BC1D49-9625-4071-B95A-43A6F9B8D95C}.Release|Any CPU.ActiveCfg = Release|Any CPU
		{E0BC1D49-9625-4071-B95A-43A6F9B8D95C}.Release|Any CPU.Build.0 = Release|Any CPU
		{EC21951E-D09D-48FD-9736-B9D032335C92}.Debug|Any CPU.ActiveCfg = Debug|Any CPU
		{EC21951E-D09D-48FD-9736-B9D032335C92}.Debug|Any CPU.Build.0 = Debug|Any CPU
		{EC21951E-D09D-48FD-9736-B9D032335C92}.Release|Any CPU.ActiveCfg = Release|Any CPU
		{EC21951E-D09D-48FD-9736-B9D032335C92}.Release|Any CPU.Build.0 = Release|Any CPU
		{D4A8BE0A-2F85-4525-A157-911F27003BC8}.Debug|Any CPU.ActiveCfg = Debug|Any CPU
		{D4A8BE0A-2F85-4525-A157-911F27003BC8}.Debug|Any CPU.Build.0 = Debug|Any CPU
		{D4A8BE0A-2F85-4525-A157-911F27003BC8}.Release|Any CPU.ActiveCfg = Release|Any CPU
		{D4A8BE0A-2F85-4525-A157-911F27003BC8}.Release|Any CPU.Build.0 = Release|Any CPU
		{BC5596A8-41DD-4C25-BC00-93B23853CFAE}.Debug|Any CPU.ActiveCfg = Debug|Any CPU
		{BC5596A8-41DD-4C25-BC00-93B23853CFAE}.Debug|Any CPU.Build.0 = Debug|Any CPU
		{BC5596A8-41DD-4C25-BC00-93B23853CFAE}.Release|Any CPU.ActiveCfg = Release|Any CPU
		{BC5596A8-41DD-4C25-BC00-93B23853CFAE}.Release|Any CPU.Build.0 = Release|Any CPU
		{67AC0E13-295F-4ECD-A12D-4E5AC931E5A7}.Debug|Any CPU.ActiveCfg = Debug|Any CPU
		{67AC0E13-295F-4ECD-A12D-4E5AC931E5A7}.Debug|Any CPU.Build.0 = Debug|Any CPU
		{67AC0E13-295F-4ECD-A12D-4E5AC931E5A7}.Release|Any CPU.ActiveCfg = Release|Any CPU
		{67AC0E13-295F-4ECD-A12D-4E5AC931E5A7}.Release|Any CPU.Build.0 = Release|Any CPU
		{FDF34FDF-6570-47EB-AF46-90990B8FF7B0}.Debug|Any CPU.ActiveCfg = Debug|Any CPU
		{FDF34FDF-6570-47EB-AF46-90990B8FF7B0}.Debug|Any CPU.Build.0 = Debug|Any CPU
		{FDF34FDF-6570-47EB-AF46-90990B8FF7B0}.Release|Any CPU.ActiveCfg = Release|Any CPU
		{FDF34FDF-6570-47EB-AF46-90990B8FF7B0}.Release|Any CPU.Build.0 = Release|Any CPU
		{B60AE77A-DF32-4C0D-BDF4-328B439270C2}.Debug|Any CPU.ActiveCfg = Debug|Any CPU
		{B60AE77A-DF32-4C0D-BDF4-328B439270C2}.Debug|Any CPU.Build.0 = Debug|Any CPU
		{B60AE77A-DF32-4C0D-BDF4-328B439270C2}.Release|Any CPU.ActiveCfg = Release|Any CPU
		{B60AE77A-DF32-4C0D-BDF4-328B439270C2}.Release|Any CPU.Build.0 = Release|Any CPU
		{4DD72D6B-908F-4E71-8351-FC03CFE91A0E}.Debug|Any CPU.ActiveCfg = Debug|Any CPU
		{4DD72D6B-908F-4E71-8351-FC03CFE91A0E}.Debug|Any CPU.Build.0 = Debug|Any CPU
		{4DD72D6B-908F-4E71-8351-FC03CFE91A0E}.Release|Any CPU.ActiveCfg = Release|Any CPU
		{4DD72D6B-908F-4E71-8351-FC03CFE91A0E}.Release|Any CPU.Build.0 = Release|Any CPU
		{FB2D36BF-9FE9-4FA3-BF99-AF05995BA912}.Debug|Any CPU.ActiveCfg = Debug|Any CPU
		{FB2D36BF-9FE9-4FA3-BF99-AF05995BA912}.Debug|Any CPU.Build.0 = Debug|Any CPU
		{FB2D36BF-9FE9-4FA3-BF99-AF05995BA912}.Release|Any CPU.ActiveCfg = Release|Any CPU
		{FB2D36BF-9FE9-4FA3-BF99-AF05995BA912}.Release|Any CPU.Build.0 = Release|Any CPU
		{5EE93BEB-38E0-4489-B8CE-0580C812A0EE}.Debug|Any CPU.ActiveCfg = Debug|Any CPU
		{5EE93BEB-38E0-4489-B8CE-0580C812A0EE}.Debug|Any CPU.Build.0 = Debug|Any CPU
		{5EE93BEB-38E0-4489-B8CE-0580C812A0EE}.Release|Any CPU.ActiveCfg = Release|Any CPU
		{5EE93BEB-38E0-4489-B8CE-0580C812A0EE}.Release|Any CPU.Build.0 = Release|Any CPU
		{672BA841-BB62-4DEE-823A-1823E29403F1}.Debug|Any CPU.ActiveCfg = Debug|Any CPU
		{672BA841-BB62-4DEE-823A-1823E29403F1}.Debug|Any CPU.Build.0 = Debug|Any CPU
		{672BA841-BB62-4DEE-823A-1823E29403F1}.Release|Any CPU.ActiveCfg = Release|Any CPU
		{672BA841-BB62-4DEE-823A-1823E29403F1}.Release|Any CPU.Build.0 = Release|Any CPU
		{F4B3F992-932D-41CA-9B97-76CB741731F6}.Debug|Any CPU.ActiveCfg = Debug|Any CPU
		{F4B3F992-932D-41CA-9B97-76CB741731F6}.Debug|Any CPU.Build.0 = Debug|Any CPU
		{F4B3F992-932D-41CA-9B97-76CB741731F6}.Release|Any CPU.ActiveCfg = Release|Any CPU
		{F4B3F992-932D-41CA-9B97-76CB741731F6}.Release|Any CPU.Build.0 = Release|Any CPU
		{4F996F51-EB3B-4022-B41A-8B3B36505334}.Debug|Any CPU.ActiveCfg = Debug|Any CPU
		{4F996F51-EB3B-4022-B41A-8B3B36505334}.Debug|Any CPU.Build.0 = Debug|Any CPU
		{4F996F51-EB3B-4022-B41A-8B3B36505334}.Release|Any CPU.ActiveCfg = Release|Any CPU
		{4F996F51-EB3B-4022-B41A-8B3B36505334}.Release|Any CPU.Build.0 = Release|Any CPU
		{A60D1847-D0DF-40B8-A993-FE121AF68670}.Debug|Any CPU.ActiveCfg = Debug|Any CPU
		{A60D1847-D0DF-40B8-A993-FE121AF68670}.Debug|Any CPU.Build.0 = Debug|Any CPU
		{A60D1847-D0DF-40B8-A993-FE121AF68670}.Release|Any CPU.ActiveCfg = Release|Any CPU
		{A60D1847-D0DF-40B8-A993-FE121AF68670}.Release|Any CPU.Build.0 = Release|Any CPU
	EndGlobalSection
	GlobalSection(SolutionProperties) = preSolution
		HideSolutionNode = FALSE
	EndGlobalSection
	GlobalSection(NestedProjects) = preSolution
		{0EE92567-1C23-4660-89FC-8B4363B9CDB5} = {BB1FF3AB-8210-41DB-91F9-CFE209C2CA58}
		{EC21951E-D09D-48FD-9736-B9D032335C92} = {BB1FF3AB-8210-41DB-91F9-CFE209C2CA58}
		{67AC0E13-295F-4ECD-A12D-4E5AC931E5A7} = {BB1FF3AB-8210-41DB-91F9-CFE209C2CA58}
		{FDF34FDF-6570-47EB-AF46-90990B8FF7B0} = {F52D02FF-B2A0-4095-8979-427E991FB852}
		{4DD72D6B-908F-4E71-8351-FC03CFE91A0E} = {F52D02FF-B2A0-4095-8979-427E991FB852}
		{FB2D36BF-9FE9-4FA3-BF99-AF05995BA912} = {3A2349EE-30E8-40E8-AB16-5D6BC4DD0664}
		{5EE93BEB-38E0-4489-B8CE-0580C812A0EE} = {3A2349EE-30E8-40E8-AB16-5D6BC4DD0664}
		{672BA841-BB62-4DEE-823A-1823E29403F1} = {3A2349EE-30E8-40E8-AB16-5D6BC4DD0664}
		{F4B3F992-932D-41CA-9B97-76CB741731F6} = {3A2349EE-30E8-40E8-AB16-5D6BC4DD0664}
		{A60D1847-D0DF-40B8-A993-FE121AF68670} = {BB1FF3AB-8210-41DB-91F9-CFE209C2CA58}
	EndGlobalSection
	GlobalSection(ExtensibilityGlobals) = postSolution
		SolutionGuid = {00FC3778-D6F7-4034-9697-FA3D761F5679}
	EndGlobalSection
EndGlobal
